
Microsoft Visual Studio Solution File, Format Version 12.00
# Visual Studio Version 17
VisualStudioVersion = 17.3.32804.467
MinimumVisualStudioVersion = 10.0.40219.1
Project("{9A19103F-16F7-4668-BE54-9A1E7A4F7556}") = "PostOffice.Api", "PostOffice\PostOffice.Api.csproj", "{86DAB316-3C10-4274-A8F0-C463A7F9D262}"
EndProject
Project("{9A19103F-16F7-4668-BE54-9A1E7A4F7556}") = "PostOffice.Common", "PostOffice.Common\PostOffice.Common.csproj", "{87058D94-7315-4B1D-8D5B-85DEEBD5A416}"
EndProject
Project("{9A19103F-16F7-4668-BE54-9A1E7A4F7556}") = "PostOffice.Repository", "PostOffice.Repository\PostOffice.Repository.csproj", "{60DB0F91-6523-43AD-BEF9-329E22614CEB}"
EndProject
Project("{9A19103F-16F7-4668-BE54-9A1E7A4F7556}") = "PostOffice.Service", "PostOffice.Service\PostOffice.Service.csproj", "{AEA964CD-9305-48B1-BE87-6F1FB591F177}"
EndProject
Project("{9A19103F-16F7-4668-BE54-9A1E7A4F7556}") = "PostOffice.Service.Tests", "PostOffice.Tests\PostOffice.Service.Tests.csproj", "{EBC48917-C88B-4B3C-9667-D256A755A030}"
EndProject
Project("{2150E333-8FDC-42A3-9474-1A3956D46DE8}") = "Tests", "Tests", "{F21BA837-AF2D-4330-8034-F202861B36E3}"
EndProject
Global
	GlobalSection(SolutionConfigurationPlatforms) = preSolution
		Debug|Any CPU = Debug|Any CPU
		Release|Any CPU = Release|Any CPU
	EndGlobalSection
	GlobalSection(ProjectConfigurationPlatforms) = postSolution
		{86DAB316-3C10-4274-A8F0-C463A7F9D262}.Debug|Any CPU.ActiveCfg = Debug|Any CPU
		{86DAB316-3C10-4274-A8F0-C463A7F9D262}.Debug|Any CPU.Build.0 = Debug|Any CPU
		{86DAB316-3C10-4274-A8F0-C463A7F9D262}.Release|Any CPU.ActiveCfg = Release|Any CPU
		{86DAB316-3C10-4274-A8F0-C463A7F9D262}.Release|Any CPU.Build.0 = Release|Any CPU
		{87058D94-7315-4B1D-8D5B-85DEEBD5A416}.Debug|Any CPU.ActiveCfg = Debug|Any CPU
		{87058D94-7315-4B1D-8D5B-85DEEBD5A416}.Debug|Any CPU.Build.0 = Debug|Any CPU
		{87058D94-7315-4B1D-8D5B-85DEEBD5A416}.Release|Any CPU.ActiveCfg = Release|Any CPU
		{87058D94-7315-4B1D-8D5B-85DEEBD5A416}.Release|Any CPU.Build.0 = Release|Any CPU
		{60DB0F91-6523-43AD-BEF9-329E22614CEB}.Debug|Any CPU.ActiveCfg = Debug|Any CPU
		{60DB0F91-6523-43AD-BEF9-329E22614CEB}.Debug|Any CPU.Build.0 = Debug|Any CPU
		{60DB0F91-6523-43AD-BEF9-329E22614CEB}.Release|Any CPU.ActiveCfg = Release|Any CPU
		{60DB0F91-6523-43AD-BEF9-329E22614CEB}.Release|Any CPU.Build.0 = Release|Any CPU
		{AEA964CD-9305-48B1-BE87-6F1FB591F177}.Debug|Any CPU.ActiveCfg = Debug|Any CPU
		{AEA964CD-9305-48B1-BE87-6F1FB591F177}.Debug|Any CPU.Build.0 = Debug|Any CPU
		{AEA964CD-9305-48B1-BE87-6F1FB591F177}.Release|Any CPU.ActiveCfg = Release|Any CPU
		{AEA964CD-9305-48B1-BE87-6F1FB591F177}.Release|Any CPU.Build.0 = Release|Any CPU
		{EBC48917-C88B-4B3C-9667-D256A755A030}.Debug|Any CPU.ActiveCfg = Debug|Any CPU
		{EBC48917-C88B-4B3C-9667-D256A755A030}.Debug|Any CPU.Build.0 = Debug|Any CPU
		{EBC48917-C88B-4B3C-9667-D256A755A030}.Release|Any CPU.ActiveCfg = Release|Any CPU
		{EBC48917-C88B-4B3C-9667-D256A755A030}.Release|Any CPU.Build.0 = Release|Any CPU
	EndGlobalSection
	GlobalSection(SolutionProperties) = preSolution
		HideSolutionNode = FALSE
	EndGlobalSection
	GlobalSection(NestedProjects) = preSolution
		{EBC48917-C88B-4B3C-9667-D256A755A030} = {F21BA837-AF2D-4330-8034-F202861B36E3}
	EndGlobalSection
	GlobalSection(ExtensibilityGlobals) = postSolution
		SolutionGuid = {143D14D4-E976-45E3-83D3-4D452ACF35D9}
	EndGlobalSection
EndGlobal
